
Microsoft Visual Studio Solution File, Format Version 12.00
# Visual Studio 15
VisualStudioVersion = 15.0.27703.2042
MinimumVisualStudioVersion = 10.0.40219.1
Project("{FAE04EC0-301F-11D3-BF4B-00C04F79EFBC}") = "Practice1", "Practice1\Practice1.csproj", "{13B7D4AC-4CB9-4A43-ADD7-8C49CEC05CFF}"
EndProject
Global
	GlobalSection(SolutionConfigurationPlatforms) = preSolution
		Debug|Any CPU = Debug|Any CPU
		Release|Any CPU = Release|Any CPU
	EndGlobalSection
	GlobalSection(ProjectConfigurationPlatforms) = postSolution
		{13B7D4AC-4CB9-4A43-ADD7-8C49CEC05CFF}.Debug|Any CPU.ActiveCfg = Debug|Any CPU
		{13B7D4AC-4CB9-4A43-ADD7-8C49CEC05CFF}.Debug|Any CPU.Build.0 = Debug|Any CPU
		{13B7D4AC-4CB9-4A43-ADD7-8C49CEC05CFF}.Release|Any CPU.ActiveCfg = Release|Any CPU
		{13B7D4AC-4CB9-4A43-ADD7-8C49CEC05CFF}.Release|Any CPU.Build.0 = Release|Any CPU
	EndGlobalSection
	GlobalSection(SolutionProperties) = preSolution
		HideSolutionNode = FALSE
	EndGlobalSection
	GlobalSection(ExtensibilityGlobals) = postSolution
		SolutionGuid = {54C06610-1F8B-4875-9E26-B12A443DCE96}
	EndGlobalSection
EndGlobal
